// !$*UTF8*$!
{
	archiveVersion = 1;
	classes = {
	};
	objectVersion = 50;
	objects = {

/* Begin PBXBuildFile section */
		3E43707024DEA1B90040A65E /* AppDelegate.swift in Sources */ = {isa = PBXBuildFile; fileRef = 3E43706F24DEA1B90040A65E /* AppDelegate.swift */; };
		3E43707224DEA1B90040A65E /* SceneDelegate.swift in Sources */ = {isa = PBXBuildFile; fileRef = 3E43707124DEA1B90040A65E /* SceneDelegate.swift */; };
		3E43707424DEA1B90040A65E /* ViewController.swift in Sources */ = {isa = PBXBuildFile; fileRef = 3E43707324DEA1B90040A65E /* ViewController.swift */; };
		3E43707724DEA1B90040A65E /* Main.storyboard in Resources */ = {isa = PBXBuildFile; fileRef = 3E43707524DEA1B90040A65E /* Main.storyboard */; };
		3E43707924DEA1BD0040A65E /* Assets.xcassets in Resources */ = {isa = PBXBuildFile; fileRef = 3E43707824DEA1BD0040A65E /* Assets.xcassets */; };
		3E43707C24DEA1BD0040A65E /* LaunchScreen.storyboard in Resources */ = {isa = PBXBuildFile; fileRef = 3E43707A24DEA1BD0040A65E /* LaunchScreen.storyboard */; };
		3E43708724DEA1BD0040A65E /* youtube_onedaybuildTests.swift in Sources */ = {isa = PBXBuildFile; fileRef = 3E43708624DEA1BD0040A65E /* youtube_onedaybuildTests.swift */; };
		3E43709224DFD0700040A65E /* Constant.swift in Sources */ = {isa = PBXBuildFile; fileRef = 3E43709124DFD0700040A65E /* Constant.swift */; };
		3E43709424DFD2AB0040A65E /* YouTubeVideo.swift in Sources */ = {isa = PBXBuildFile; fileRef = 3E43709324DFD2AB0040A65E /* YouTubeVideo.swift */; };
		3E43709624DFD31A0040A65E /* YoutubeService.swift in Sources */ = {isa = PBXBuildFile; fileRef = 3E43709524DFD31A0040A65E /* YoutubeService.swift */; };
		3E43709824E032010040A65E /* YoutubeVideoResponse.swift in Sources */ = {isa = PBXBuildFile; fileRef = 3E43709724E032010040A65E /* YoutubeVideoResponse.swift */; };
/* End PBXBuildFile section */

/* Begin PBXContainerItemProxy section */
		3E43708324DEA1BD0040A65E /* PBXContainerItemProxy */ = {
			isa = PBXContainerItemProxy;
			containerPortal = 3E43706424DEA1B90040A65E /* Project object */;
			proxyType = 1;
			remoteGlobalIDString = 3E43706B24DEA1B90040A65E;
			remoteInfo = "youtube-onedaybuild";
		};
/* End PBXContainerItemProxy section */

/* Begin PBXFileReference section */
		3E43706C24DEA1B90040A65E /* youtube-onedaybuild.app */ = {isa = PBXFileReference; explicitFileType = wrapper.application; includeInIndex = 0; path = "youtube-onedaybuild.app"; sourceTree = BUILT_PRODUCTS_DIR; };
		3E43706F24DEA1B90040A65E /* AppDelegate.swift */ = {isa = PBXFileReference; lastKnownFileType = sourcecode.swift; path = AppDelegate.swift; sourceTree = "<group>"; };
		3E43707124DEA1B90040A65E /* SceneDelegate.swift */ = {isa = PBXFileReference; lastKnownFileType = sourcecode.swift; path = SceneDelegate.swift; sourceTree = "<group>"; };
		3E43707324DEA1B90040A65E /* ViewController.swift */ = {isa = PBXFileReference; lastKnownFileType = sourcecode.swift; path = ViewController.swift; sourceTree = "<group>"; };
		3E43707624DEA1B90040A65E /* Base */ = {isa = PBXFileReference; lastKnownFileType = file.storyboard; name = Base; path = Base.lproj/Main.storyboard; sourceTree = "<group>"; };
		3E43707824DEA1BD0040A65E /* Assets.xcassets */ = {isa = PBXFileReference; lastKnownFileType = folder.assetcatalog; path = Assets.xcassets; sourceTree = "<group>"; };
		3E43707B24DEA1BD0040A65E /* Base */ = {isa = PBXFileReference; lastKnownFileType = file.storyboard; name = Base; path = Base.lproj/LaunchScreen.storyboard; sourceTree = "<group>"; };
		3E43707D24DEA1BD0040A65E /* Info.plist */ = {isa = PBXFileReference; lastKnownFileType = text.plist.xml; path = Info.plist; sourceTree = "<group>"; };
		3E43708224DEA1BD0040A65E /* youtube-onedaybuildTests.xctest */ = {isa = PBXFileReference; explicitFileType = wrapper.cfbundle; includeInIndex = 0; path = "youtube-onedaybuildTests.xctest"; sourceTree = BUILT_PRODUCTS_DIR; };
		3E43708624DEA1BD0040A65E /* youtube_onedaybuildTests.swift */ = {isa = PBXFileReference; lastKnownFileType = sourcecode.swift; path = youtube_onedaybuildTests.swift; sourceTree = "<group>"; };
		3E43708824DEA1BD0040A65E /* Info.plist */ = {isa = PBXFileReference; lastKnownFileType = text.plist.xml; path = Info.plist; sourceTree = "<group>"; };
		3E43709124DFD0700040A65E /* Constant.swift */ = {isa = PBXFileReference; lastKnownFileType = sourcecode.swift; path = Constant.swift; sourceTree = "<group>"; };
		3E43709324DFD2AB0040A65E /* YouTubeVideo.swift */ = {isa = PBXFileReference; lastKnownFileType = sourcecode.swift; path = YouTubeVideo.swift; sourceTree = "<group>"; };
		3E43709524DFD31A0040A65E /* YoutubeService.swift */ = {isa = PBXFileReference; lastKnownFileType = sourcecode.swift; path = YoutubeService.swift; sourceTree = "<group>"; };
		3E43709724E032010040A65E /* YoutubeVideoResponse.swift */ = {isa = PBXFileReference; lastKnownFileType = sourcecode.swift; path = YoutubeVideoResponse.swift; sourceTree = "<group>"; };
/* End PBXFileReference section */

/* Begin PBXFrameworksBuildPhase section */
		3E43706924DEA1B90040A65E /* Frameworks */ = {
			isa = PBXFrameworksBuildPhase;
			buildActionMask = 2147483647;
			files = (
			);
			runOnlyForDeploymentPostprocessing = 0;
		};
		3E43707F24DEA1BD0040A65E /* Frameworks */ = {
			isa = PBXFrameworksBuildPhase;
			buildActionMask = 2147483647;
			files = (
			);
			runOnlyForDeploymentPostprocessing = 0;
		};
/* End PBXFrameworksBuildPhase section */

/* Begin PBXGroup section */
		3E43706324DEA1B90040A65E = {
			isa = PBXGroup;
			children = (
				3E43706E24DEA1B90040A65E /* youtube-onedaybuild */,
				3E43708524DEA1BD0040A65E /* youtube-onedaybuildTests */,
				3E43706D24DEA1B90040A65E /* Products */,
			);
			sourceTree = "<group>";
		};
		3E43706D24DEA1B90040A65E /* Products */ = {
			isa = PBXGroup;
			children = (
				3E43706C24DEA1B90040A65E /* youtube-onedaybuild.app */,
				3E43708224DEA1BD0040A65E /* youtube-onedaybuildTests.xctest */,
			);
			name = Products;
			sourceTree = "<group>";
		};
		3E43706E24DEA1B90040A65E /* youtube-onedaybuild */ = {
			isa = PBXGroup;
			children = (
				3E43706F24DEA1B90040A65E /* AppDelegate.swift */,
				3E43707124DEA1B90040A65E /* SceneDelegate.swift */,
				3E43707324DEA1B90040A65E /* ViewController.swift */,
				3E43707524DEA1B90040A65E /* Main.storyboard */,
				3E43707824DEA1BD0040A65E /* Assets.xcassets */,
				3E43707A24DEA1BD0040A65E /* LaunchScreen.storyboard */,
				3E43707D24DEA1BD0040A65E /* Info.plist */,
				3E43709124DFD0700040A65E /* Constant.swift */,
				3E43709324DFD2AB0040A65E /* YouTubeVideo.swift */,
				3E43709524DFD31A0040A65E /* YoutubeService.swift */,
				3E43709724E032010040A65E /* YoutubeVideoResponse.swift */,
			);
			path = "youtube-onedaybuild";
			sourceTree = "<group>";
		};
		3E43708524DEA1BD0040A65E /* youtube-onedaybuildTests */ = {
			isa = PBXGroup;
			children = (
				3E43708624DEA1BD0040A65E /* youtube_onedaybuildTests.swift */,
				3E43708824DEA1BD0040A65E /* Info.plist */,
			);
			path = "youtube-onedaybuildTests";
			sourceTree = "<group>";
		};
/* End PBXGroup section */

/* Begin PBXNativeTarget section */
		3E43706B24DEA1B90040A65E /* youtube-onedaybuild */ = {
			isa = PBXNativeTarget;
			buildConfigurationList = 3E43708B24DEA1BD0040A65E /* Build configuration list for PBXNativeTarget "youtube-onedaybuild" */;
			buildPhases = (
				3E43706824DEA1B90040A65E /* Sources */,
				3E43706924DEA1B90040A65E /* Frameworks */,
				3E43706A24DEA1B90040A65E /* Resources */,
			);
			buildRules = (
			);
			dependencies = (
			);
			name = "youtube-onedaybuild";
			productName = "youtube-onedaybuild";
			productReference = 3E43706C24DEA1B90040A65E /* youtube-onedaybuild.app */;
			productType = "com.apple.product-type.application";
		};
		3E43708124DEA1BD0040A65E /* youtube-onedaybuildTests */ = {
			isa = PBXNativeTarget;
			buildConfigurationList = 3E43708E24DEA1BD0040A65E /* Build configuration list for PBXNativeTarget "youtube-onedaybuildTests" */;
			buildPhases = (
				3E43707E24DEA1BD0040A65E /* Sources */,
				3E43707F24DEA1BD0040A65E /* Frameworks */,
				3E43708024DEA1BD0040A65E /* Resources */,
			);
			buildRules = (
			);
			dependencies = (
				3E43708424DEA1BD0040A65E /* PBXTargetDependency */,
			);
			name = "youtube-onedaybuildTests";
			productName = "youtube-onedaybuildTests";
			productReference = 3E43708224DEA1BD0040A65E /* youtube-onedaybuildTests.xctest */;
			productType = "com.apple.product-type.bundle.unit-test";
		};
/* End PBXNativeTarget section */

/* Begin PBXProject section */
		3E43706424DEA1B90040A65E /* Project object */ = {
			isa = PBXProject;
			attributes = {
				LastSwiftUpdateCheck = 1140;
				LastUpgradeCheck = 1140;
				ORGANIZATIONNAME = "Elijah Edih";
				TargetAttributes = {
					3E43706B24DEA1B90040A65E = {
						CreatedOnToolsVersion = 11.4;
					};
					3E43708124DEA1BD0040A65E = {
						CreatedOnToolsVersion = 11.4;
						TestTargetID = 3E43706B24DEA1B90040A65E;
					};
				};
			};
			buildConfigurationList = 3E43706724DEA1B90040A65E /* Build configuration list for PBXProject "youtube-onedaybuild" */;
			compatibilityVersion = "Xcode 9.3";
			developmentRegion = en;
			hasScannedForEncodings = 0;
			knownRegions = (
				en,
				Base,
			);
			mainGroup = 3E43706324DEA1B90040A65E;
			productRefGroup = 3E43706D24DEA1B90040A65E /* Products */;
			projectDirPath = "";
			projectRoot = "";
			targets = (
				3E43706B24DEA1B90040A65E /* youtube-onedaybuild */,
				3E43708124DEA1BD0040A65E /* youtube-onedaybuildTests */,
			);
		};
/* End PBXProject section */

/* Begin PBXResourcesBuildPhase section */
		3E43706A24DEA1B90040A65E /* Resources */ = {
			isa = PBXResourcesBuildPhase;
			buildActionMask = 2147483647;
			files = (
				3E43707C24DEA1BD0040A65E /* LaunchScreen.storyboard in Resources */,
				3E43707924DEA1BD0040A65E /* Assets.xcassets in Resources */,
				3E43707724DEA1B90040A65E /* Main.storyboard in Resources */,
			);
			runOnlyForDeploymentPostprocessing = 0;
		};
		3E43708024DEA1BD0040A65E /* Resources */ = {
			isa = PBXResourcesBuildPhase;
			buildActionMask = 2147483647;
			files = (
			);
			runOnlyForDeploymentPostprocessing = 0;
		};
/* End PBXResourcesBuildPhase section */

/* Begin PBXSourcesBuildPhase section */
		3E43706824DEA1B90040A65E /* Sources */ = {
			isa = PBXSourcesBuildPhase;
			buildActionMask = 2147483647;
			files = (
				3E43707424DEA1B90040A65E /* ViewController.swift in Sources */,
				3E43709624DFD31A0040A65E /* YoutubeService.swift in Sources */,
				3E43707024DEA1B90040A65E /* AppDelegate.swift in Sources */,
				3E43709824E032010040A65E /* YoutubeVideoResponse.swift in Sources */,
				3E43709424DFD2AB0040A65E /* YouTubeVideo.swift in Sources */,
				3E43707224DEA1B90040A65E /* SceneDelegate.swift in Sources */,
				3E43709224DFD0700040A65E /* Constant.swift in Sources */,
			);
			runOnlyForDeploymentPostprocessing = 0;
		};
		3E43707E24DEA1BD0040A65E /* Sources */ = {
			isa = PBXSourcesBuildPhase;
			buildActionMask = 2147483647;
			files = (
				3E43708724DEA1BD0040A65E /* youtube_onedaybuildTests.swift in Sources */,
			);
			runOnlyForDeploymentPostprocessing = 0;
		};
/* End PBXSourcesBuildPhase section */

/* Begin PBXTargetDependency section */
		3E43708424DEA1BD0040A65E /* PBXTargetDependency */ = {
			isa = PBXTargetDependency;
			target = 3E43706B24DEA1B90040A65E /* youtube-onedaybuild */;
			targetProxy = 3E43708324DEA1BD0040A65E /* PBXContainerItemProxy */;
		};
/* End PBXTargetDependency section */

/* Begin PBXVariantGroup section */
		3E43707524DEA1B90040A65E /* Main.storyboard */ = {
			isa = PBXVariantGroup;
			children = (
				3E43707624DEA1B90040A65E /* Base */,
			);
			name = Main.storyboard;
			sourceTree = "<group>";
		};
		3E43707A24DEA1BD0040A65E /* LaunchScreen.storyboard */ = {
			isa = PBXVariantGroup;
			children = (
				3E43707B24DEA1BD0040A65E /* Base */,
			);
			name = LaunchScreen.storyboard;
			sourceTree = "<group>";
		};
/* End PBXVariantGroup section */

/* Begin XCBuildConfiguration section */
		3E43708924DEA1BD0040A65E /* Debug */ = {
			isa = XCBuildConfiguration;
			buildSettings = {
				ALWAYS_SEARCH_USER_PATHS = NO;
				CLANG_ANALYZER_NONNULL = YES;
				CLANG_ANALYZER_NUMBER_OBJECT_CONVERSION = YES_AGGRESSIVE;
				CLANG_CXX_LANGUAGE_STANDARD = "gnu++14";
				CLANG_CXX_LIBRARY = "libc++";
				CLANG_ENABLE_MODULES = YES;
				CLANG_ENABLE_OBJC_ARC = YES;
				CLANG_ENABLE_OBJC_WEAK = YES;
				CLANG_WARN_BLOCK_CAPTURE_AUTORELEASING = YES;
				CLANG_WARN_BOOL_CONVERSION = YES;
				CLANG_WARN_COMMA = YES;
				CLANG_WARN_CONSTANT_CONVERSION = YES;
				CLANG_WARN_DEPRECATED_OBJC_IMPLEMENTATIONS = YES;
				CLANG_WARN_DIRECT_OBJC_ISA_USAGE = YES_ERROR;
				CLANG_WARN_DOCUMENTATION_COMMENTS = YES;
				CLANG_WARN_EMPTY_BODY = YES;
				CLANG_WARN_ENUM_CONVERSION = YES;
				CLANG_WARN_INFINITE_RECURSION = YES;
				CLANG_WARN_INT_CONVERSION = YES;
				CLANG_WARN_NON_LITERAL_NULL_CONVERSION = YES;
				CLANG_WARN_OBJC_IMPLICIT_RETAIN_SELF = YES;
				CLANG_WARN_OBJC_LITERAL_CONVERSION = YES;
				CLANG_WARN_OBJC_ROOT_CLASS = YES_ERROR;
				CLANG_WARN_RANGE_LOOP_ANALYSIS = YES;
				CLANG_WARN_STRICT_PROTOTYPES = YES;
				CLANG_WARN_SUSPICIOUS_MOVE = YES;
				CLANG_WARN_UNGUARDED_AVAILABILITY = YES_AGGRESSIVE;
				CLANG_WARN_UNREACHABLE_CODE = YES;
				CLANG_WARN__DUPLICATE_METHOD_MATCH = YES;
				COPY_PHASE_STRIP = NO;
				DEBUG_INFORMATION_FORMAT = dwarf;
				ENABLE_STRICT_OBJC_MSGSEND = YES;
				ENABLE_TESTABILITY = YES;
				GCC_C_LANGUAGE_STANDARD = gnu11;
				GCC_DYNAMIC_NO_PIC = NO;
				GCC_NO_COMMON_BLOCKS = YES;
				GCC_OPTIMIZATION_LEVEL = 0;
				GCC_PREPROCESSOR_DEFINITIONS = (
					"DEBUG=1",
					"$(inherited)",
				);
				GCC_WARN_64_TO_32_BIT_CONVERSION = YES;
				GCC_WARN_ABOUT_RETURN_TYPE = YES_ERROR;
				GCC_WARN_UNDECLARED_SELECTOR = YES;
				GCC_WARN_UNINITIALIZED_AUTOS = YES_AGGRESSIVE;
				GCC_WARN_UNUSED_FUNCTION = YES;
				GCC_WARN_UNUSED_VARIABLE = YES;
				IPHONEOS_DEPLOYMENT_TARGET = 13.4;
				MTL_ENABLE_DEBUG_INFO = INCLUDE_SOURCE;
				MTL_FAST_MATH = YES;
				ONLY_ACTIVE_ARCH = YES;
				SDKROOT = iphoneos;
				SWIFT_ACTIVE_COMPILATION_CONDITIONS = DEBUG;
				SWIFT_OPTIMIZATION_LEVEL = "-Onone";
			};
			name = Debug;
		};
		3E43708A24DEA1BD0040A65E /* Release */ = {
			isa = XCBuildConfiguration;
			buildSettings = {
				ALWAYS_SEARCH_USER_PATHS = NO;
				CLANG_ANALYZER_NONNULL = YES;
				CLANG_ANALYZER_NUMBER_OBJECT_CONVERSION = YES_AGGRESSIVE;
				CLANG_CXX_LANGUAGE_STANDARD = "gnu++14";
				CLANG_CXX_LIBRARY = "libc++";
				CLANG_ENABLE_MODULES = YES;
				CLANG_ENABLE_OBJC_ARC = YES;
				CLANG_ENABLE_OBJC_WEAK = YES;
				CLANG_WARN_BLOCK_CAPTURE_AUTORELEASING = YES;
				CLANG_WARN_BOOL_CONVERSION = YES;
				CLANG_WARN_COMMA = YES;
				CLANG_WARN_CONSTANT_CONVERSION = YES;
				CLANG_WARN_DEPRECATED_OBJC_IMPLEMENTATIONS = YES;
				CLANG_WARN_DIRECT_OBJC_ISA_USAGE = YES_ERROR;
				CLANG_WARN_DOCUMENTATION_COMMENTS = YES;
				CLANG_WARN_EMPTY_BODY = YES;
				CLANG_WARN_ENUM_CONVERSION = YES;
				CLANG_WARN_INFINITE_RECURSION = YES;
				CLANG_WARN_INT_CONVERSION = YES;
				CLANG_WARN_NON_LITERAL_NULL_CONVERSION = YES;
				CLANG_WARN_OBJC_IMPLICIT_RETAIN_SELF = YES;
				CLANG_WARN_OBJC_LITERAL_CONVERSION = YES;
				CLANG_WARN_OBJC_ROOT_CLASS = YES_ERROR;
				CLANG_WARN_RANGE_LOOP_ANALYSIS = YES;
				CLANG_WARN_STRICT_PROTOTYPES = YES;
				CLANG_WARN_SUSPICIOUS_MOVE = YES;
				CLANG_WARN_UNGUARDED_AVAILABILITY = YES_AGGRESSIVE;
				CLANG_WARN_UNREACHABLE_CODE = YES;
				CLANG_WARN__DUPLICATE_METHOD_MATCH = YES;
				COPY_PHASE_STRIP = NO;
				DEBUG_INFORMATION_FORMAT = "dwarf-with-dsym";
				ENABLE_NS_ASSERTIONS = NO;
				ENABLE_STRICT_OBJC_MSGSEND = YES;
				GCC_C_LANGUAGE_STANDARD = gnu11;
				GCC_NO_COMMON_BLOCKS = YES;
				GCC_WARN_64_TO_32_BIT_CONVERSION = YES;
				GCC_WARN_ABOUT_RETURN_TYPE = YES_ERROR;
				GCC_WARN_UNDECLARED_SELECTOR = YES;
				GCC_WARN_UNINITIALIZED_AUTOS = YES_AGGRESSIVE;
				GCC_WARN_UNUSED_FUNCTION = YES;
				GCC_WARN_UNUSED_VARIABLE = YES;
				IPHONEOS_DEPLOYMENT_TARGET = 13.4;
				MTL_ENABLE_DEBUG_INFO = NO;
				MTL_FAST_MATH = YES;
				SDKROOT = iphoneos;
				SWIFT_COMPILATION_MODE = wholemodule;
				SWIFT_OPTIMIZATION_LEVEL = "-O";
				VALIDATE_PRODUCT = YES;
			};
			name = Release;
		};
		3E43708C24DEA1BD0040A65E /* Debug */ = {
			isa = XCBuildConfiguration;
			buildSettings = {
				ASSETCATALOG_COMPILER_APPICON_NAME = AppIcon;
				CODE_SIGN_STYLE = Automatic;
				INFOPLIST_FILE = "youtube-onedaybuild/Info.plist";
				LD_RUNPATH_SEARCH_PATHS = (
					"$(inherited)",
					"@executable_path/Frameworks",
				);
				PRODUCT_BUNDLE_IDENTIFIER = "com.example.youtube-onedaybuild";
				PRODUCT_NAME = "$(TARGET_NAME)";
				SWIFT_VERSION = 5.0;
				TARGETED_DEVICE_FAMILY = "1,2";
			};
			name = Debug;
		};
		3E43708D24DEA1BD0040A65E /* Release */ = {
			isa = XCBuildConfiguration;
			buildSettings = {
				ASSETCATALOG_COMPILER_APPICON_NAME = AppIcon;
				CODE_SIGN_STYLE = Automatic;
				INFOPLIST_FILE = "youtube-onedaybuild/Info.plist";
				LD_RUNPATH_SEARCH_PATHS = (
					"$(inherited)",
					"@executable_path/Frameworks",
				);
				PRODUCT_BUNDLE_IDENTIFIER = "com.example.youtube-onedaybuild";
				PRODUCT_NAME = "$(TARGET_NAME)";
				SWIFT_VERSION = 5.0;
				TARGETED_DEVICE_FAMILY = "1,2";
			};
			name = Release;
		};
		3E43708F24DEA1BD0040A65E /* Debug */ = {
			isa = XCBuildConfiguration;
			buildSettings = {
				ALWAYS_EMBED_SWIFT_STANDARD_LIBRARIES = YES;
				BUNDLE_LOADER = "$(TEST_HOST)";
				CODE_SIGN_STYLE = Automatic;
				INFOPLIST_FILE = "youtube-onedaybuildTests/Info.plist";
				IPHONEOS_DEPLOYMENT_TARGET = 13.4;
				LD_RUNPATH_SEARCH_PATHS = (
					"$(inherited)",
					"@executable_path/Frameworks",
					"@loader_path/Frameworks",
				);
				PRODUCT_BUNDLE_IDENTIFIER = "com.example.youtube-onedaybuildTests";
				PRODUCT_NAME = "$(TARGET_NAME)";
				SWIFT_VERSION = 5.0;
				TARGETED_DEVICE_FAMILY = "1,2";
				TEST_HOST = "$(BUILT_PRODUCTS_DIR)/youtube-onedaybuild.app/youtube-onedaybuild";
			};
			name = Debug;
		};
		3E43709024DEA1BD0040A65E /* Release */ = {
			isa = XCBuildConfiguration;
			buildSettings = {
				ALWAYS_EMBED_SWIFT_STANDARD_LIBRARIES = YES;
				BUNDLE_LOADER = "$(TEST_HOST)";
				CODE_SIGN_STYLE = Automatic;
				INFOPLIST_FILE = "youtube-onedaybuildTests/Info.plist";
				IPHONEOS_DEPLOYMENT_TARGET = 13.4;
				LD_RUNPATH_SEARCH_PATHS = (
					"$(inherited)",
					"@executable_path/Frameworks",
					"@loader_path/Frameworks",
				);
				PRODUCT_BUNDLE_IDENTIFIER = "com.example.youtube-onedaybuildTests";
				PRODUCT_NAME = "$(TARGET_NAME)";
				SWIFT_VERSION = 5.0;
				TARGETED_DEVICE_FAMILY = "1,2";
				TEST_HOST = "$(BUILT_PRODUCTS_DIR)/youtube-onedaybuild.app/youtube-onedaybuild";
			};
			name = Release;
		};
/* End XCBuildConfiguration section */

/* Begin XCConfigurationList section */
		3E43706724DEA1B90040A65E /* Build configuration list for PBXProject "youtube-onedaybuild" */ = {
			isa = XCConfigurationList;
			buildConfigurations = (
				3E43708924DEA1BD0040A65E /* Debug */,
				3E43708A24DEA1BD0040A65E /* Release */,
			);
			defaultConfigurationIsVisible = 0;
			defaultConfigurationName = Release;
		};
		3E43708B24DEA1BD0040A65E /* Build configuration list for PBXNativeTarget "youtube-onedaybuild" */ = {
			isa = XCConfigurationList;
			buildConfigurations = (
				3E43708C24DEA1BD0040A65E /* Debug */,
				3E43708D24DEA1BD0040A65E /* Release */,
			);
			defaultConfigurationIsVisible = 0;
			defaultConfigurationName = Release;
		};
		3E43708E24DEA1BD0040A65E /* Build configuration list for PBXNativeTarget "youtube-onedaybuildTests" */ = {
			isa = XCConfigurationList;
			buildConfigurations = (
				3E43708F24DEA1BD0040A65E /* Debug */,
				3E43709024DEA1BD0040A65E /* Release */,
			);
			defaultConfigurationIsVisible = 0;
			defaultConfigurationName = Release;
		};
/* End XCConfigurationList section */
	};
	rootObject = 3E43706424DEA1B90040A65E /* Project object */;
}
